
Microsoft Visual Studio Solution File, Format Version 12.00
# Visual Studio Version 17
VisualStudioVersion = 17.10.35027.167
MinimumVisualStudioVersion = 10.0.40219.1
Project("{9A19103F-16F7-4668-BE54-9A1E7A4F7556}") = "StudentManagementSystem.Teacher", "StudentManagementSystem.Teacher\StudentManagementSystem.Teacher.csproj", "{0EE394C6-E4A6-469B-AF34-C1E86C71A91A}"
EndProject
Project("{9A19103F-16F7-4668-BE54-9A1E7A4F7556}") = "StudentManagementSystem.Admin", "StudentManagementSystem.Admin\StudentManagementSystem.Admin.csproj", "{1CD19154-FF31-4297-81DB-C11287A24C62}"
EndProject
Project("{9A19103F-16F7-4668-BE54-9A1E7A4F7556}") = "StudentManagementSystem.Course", "StudentManagementSystem.Course\StudentManagementSystem.Course.csproj", "{89AE525D-631A-4DB6-8636-CB5A6832D155}"
EndProject
Project("{9A19103F-16F7-4668-BE54-9A1E7A4F7556}") = "StudentManagementSystem.Student", "StudentManagementSystem.Student\StudentManagementSystem.Student.csproj", "{206EFE17-22BB-4E2E-B7BC-13D071785658}"
EndProject
Project("{9A19103F-16F7-4668-BE54-9A1E7A4F7556}") = "StudentManagementSystem.IntegrationEventPublisher", "StudentManagementSystem.IntegrationEventPublisher\StudentManagementSystem.IntegrationEventPublisher.csproj", "{1151AB0D-8E69-420A-980E-64A91D909834}"
EndProject
Project("{2150E333-8FDC-42A3-9474-1A3956D46DE8}") = "Integrations", "Integrations", "{67AAC796-6F3D-4D6E-855D-68AD232B3CE2}"
EndProject
Project("{9A19103F-16F7-4668-BE54-9A1E7A4F7556}") = "StudentManagementSystem.Integrations.MessagingBus", "StudentManagementSystem.Integrations.MessagingBus\StudentManagementSystem.Integrations.MessagingBus.csproj", "{42F970B6-2DFE-432B-BDEB-3B303FCCB40D}"
EndProject
Project("{FAE04EC0-301F-11D3-BF4B-00C04F79EFBC}") = "StudentManagementSystem.Messages", "StudentManagementSystem.Messages\StudentManagementSystem.Messages.csproj", "{0DDA7CCD-E886-464C-8258-2C9ADCCE5728}"
EndProject
Global
	GlobalSection(SolutionConfigurationPlatforms) = preSolution
		Debug|Any CPU = Debug|Any CPU
		Release|Any CPU = Release|Any CPU
	EndGlobalSection
	GlobalSection(ProjectConfigurationPlatforms) = postSolution
		{0EE394C6-E4A6-469B-AF34-C1E86C71A91A}.Debug|Any CPU.ActiveCfg = Debug|Any CPU
		{0EE394C6-E4A6-469B-AF34-C1E86C71A91A}.Debug|Any CPU.Build.0 = Debug|Any CPU
		{0EE394C6-E4A6-469B-AF34-C1E86C71A91A}.Release|Any CPU.ActiveCfg = Release|Any CPU
		{0EE394C6-E4A6-469B-AF34-C1E86C71A91A}.Release|Any CPU.Build.0 = Release|Any CPU
		{1CD19154-FF31-4297-81DB-C11287A24C62}.Debug|Any CPU.ActiveCfg = Debug|Any CPU
		{1CD19154-FF31-4297-81DB-C11287A24C62}.Debug|Any CPU.Build.0 = Debug|Any CPU
		{1CD19154-FF31-4297-81DB-C11287A24C62}.Release|Any CPU.ActiveCfg = Release|Any CPU
		{1CD19154-FF31-4297-81DB-C11287A24C62}.Release|Any CPU.Build.0 = Release|Any CPU
		{89AE525D-631A-4DB6-8636-CB5A6832D155}.Debug|Any CPU.ActiveCfg = Debug|Any CPU
		{89AE525D-631A-4DB6-8636-CB5A6832D155}.Debug|Any CPU.Build.0 = Debug|Any CPU
		{89AE525D-631A-4DB6-8636-CB5A6832D155}.Release|Any CPU.ActiveCfg = Release|Any CPU
		{89AE525D-631A-4DB6-8636-CB5A6832D155}.Release|Any CPU.Build.0 = Release|Any CPU
		{206EFE17-22BB-4E2E-B7BC-13D071785658}.Debug|Any CPU.ActiveCfg = Debug|Any CPU
		{206EFE17-22BB-4E2E-B7BC-13D071785658}.Debug|Any CPU.Build.0 = Debug|Any CPU
		{206EFE17-22BB-4E2E-B7BC-13D071785658}.Release|Any CPU.ActiveCfg = Release|Any CPU
		{206EFE17-22BB-4E2E-B7BC-13D071785658}.Release|Any CPU.Build.0 = Release|Any CPU
		{1151AB0D-8E69-420A-980E-64A91D909834}.Debug|Any CPU.ActiveCfg = Debug|Any CPU
		{1151AB0D-8E69-420A-980E-64A91D909834}.Debug|Any CPU.Build.0 = Debug|Any CPU
		{1151AB0D-8E69-420A-980E-64A91D909834}.Release|Any CPU.ActiveCfg = Release|Any CPU
		{1151AB0D-8E69-420A-980E-64A91D909834}.Release|Any CPU.Build.0 = Release|Any CPU
		{42F970B6-2DFE-432B-BDEB-3B303FCCB40D}.Debug|Any CPU.ActiveCfg = Debug|Any CPU
		{42F970B6-2DFE-432B-BDEB-3B303FCCB40D}.Debug|Any CPU.Build.0 = Debug|Any CPU
		{42F970B6-2DFE-432B-BDEB-3B303FCCB40D}.Release|Any CPU.ActiveCfg = Release|Any CPU
		{42F970B6-2DFE-432B-BDEB-3B303FCCB40D}.Release|Any CPU.Build.0 = Release|Any CPU
		{0DDA7CCD-E886-464C-8258-2C9ADCCE5728}.Debug|Any CPU.ActiveCfg = Debug|Any CPU
		{0DDA7CCD-E886-464C-8258-2C9ADCCE5728}.Debug|Any CPU.Build.0 = Debug|Any CPU
		{0DDA7CCD-E886-464C-8258-2C9ADCCE5728}.Release|Any CPU.ActiveCfg = Release|Any CPU
		{0DDA7CCD-E886-464C-8258-2C9ADCCE5728}.Release|Any CPU.Build.0 = Release|Any CPU
	EndGlobalSection
	GlobalSection(SolutionProperties) = preSolution
		HideSolutionNode = FALSE
	EndGlobalSection
	GlobalSection(NestedProjects) = preSolution
		{42F970B6-2DFE-432B-BDEB-3B303FCCB40D} = {67AAC796-6F3D-4D6E-855D-68AD232B3CE2}
		{0DDA7CCD-E886-464C-8258-2C9ADCCE5728} = {67AAC796-6F3D-4D6E-855D-68AD232B3CE2}
	EndGlobalSection
	GlobalSection(ExtensibilityGlobals) = postSolution
		SolutionGuid = {43492E88-10EE-4D1B-BCBB-15EC94ED095C}
	EndGlobalSection
EndGlobal
